{
  "name": "@tagspaces/html-reader",
  "version": "1.0.0",
  "lockfileVersion": 1,
  "requires": true,
  "dependencies": {
    "bootstrap": {
      "version": "3.3.7",
      "resolved": "https://registry.npmjs.org/bootstrap/-/bootstrap-3.3.7.tgz",
      "integrity": "sha1-WjiTlFSfIzMIdaOxUGVldPip63E="
    },
    "bootswatch": {
      "version": "3.3.7",
      "resolved": "https://registry.npmjs.org/bootswatch/-/bootswatch-3.3.7.tgz",
      "integrity": "sha1-62+amoUjuHpwbqkd7sPg1+qoqx8="
    },
    "font-awesome": {
      "version": "4.7.0",
      "resolved": "https://registry.npmjs.org/font-awesome/-/font-awesome-4.7.0.tgz",
      "integrity": "sha1-j6jPBBGhoxr9B7BtKQK7n8gVoTM="
    },
    "i18next": {
      "version": "8.1.0",
      "resolved": "https://registry.npmjs.org/i18next/-/i18next-8.1.0.tgz",
      "integrity": "sha1-Ui7Spr7a+oSuEGQJ7VILwhagC8E="
    },
    "jquery": {
      "version": "2.2.4",
      "resolved": "https://registry.npmjs.org/jquery/-/jquery-2.2.4.tgz",
      "integrity": "sha1-LInWiJterFIqfuoywUUhVZxsvwI="
    },
    "jquery-i18next": {
      "version": "1.2.1",
      "resolved": "https://registry.npmjs.org/jquery-i18next/-/jquery-i18next-1.2.1.tgz",
      "integrity": "sha512-UNcw3rgxoKjGEg4w23FEn2h3OlPJU7rPzsgDuXDBZktIzeiVbJohs9Cv9hj8oP8KNfBRKOoErL/OVxg2FaAR4g=="
    },
    "marked": {
      "version": "0.3.6",
      "resolved": "https://registry.npmjs.org/marked/-/marked-0.3.6.tgz",
      "integrity": "sha1-ssbGGPzOzk74bE/Gy4p8v1rtqNc="
    },
    "mousetrap": {
      "version": "1.5.3",
      "resolved": "https://registry.npmjs.org/mousetrap/-/mousetrap-1.5.3.tgz",
      "integrity": "sha1-M6kAsVGEQnxPWD6dmCLubD6vJls="
    },
    "readability": {
      "version": "git+https://github.com/mozilla/readability.git#b3fde168cb7eb42bfc1bd6caedd95e4b53290515"
    }
  }
}
